// !$*UTF8*$!
{
	archiveVersion = 1;
	classes = {
	};
	objectVersion = 51;
	objects = {

/* Begin PBXBuildFile section */
		09D332D50C7AED445971B51F /* Pods_GlobalMetro.framework in Frameworks */ = {isa = PBXBuildFile; fileRef = 009A440DF08D865ABA0C5C10 /* Pods_GlobalMetro.framework */; };
		2206CEDD2390ACBC0000525D /* CreateLineViewController.swift in Sources */ = {isa = PBXBuildFile; fileRef = 2206CEDC2390ACBC0000525D /* CreateLineViewController.swift */; };
		22376309238EAA49003F7AF4 /* CreateNodeViewController.swift in Sources */ = {isa = PBXBuildFile; fileRef = 22376308238EAA48003F7AF4 /* CreateNodeViewController.swift */; };
		228A7C2623A7603000057C65 /* MetroMapDocument.swift in Sources */ = {isa = PBXBuildFile; fileRef = 228A7C2523A7603000057C65 /* MetroMapDocument.swift */; };
		228A7C2823A8EC7500057C65 /* SearchViewController.swift in Sources */ = {isa = PBXBuildFile; fileRef = 228A7C2723A8EC7500057C65 /* SearchViewController.swift */; };
		228A7C2A23A911D200057C65 /* MetroMapCell.swift in Sources */ = {isa = PBXBuildFile; fileRef = 228A7C2923A911D200057C65 /* MetroMapCell.swift */; };
		228A7C2C23AA11FD00057C65 /* SaveMapViewController.swift in Sources */ = {isa = PBXBuildFile; fileRef = 228A7C2B23AA11FD00057C65 /* SaveMapViewController.swift */; };
		228A7C2E23AB6E3000057C65 /* LocalFileViewController.swift in Sources */ = {isa = PBXBuildFile; fileRef = 228A7C2D23AB6E3000057C65 /* LocalFileViewController.swift */; };
		228A7C3023ABAE9100057C65 /* ShowNodeDetailViewController.swift in Sources */ = {isa = PBXBuildFile; fileRef = 228A7C2F23ABAE9100057C65 /* ShowNodeDetailViewController.swift */; };
		228A7C3223ADE6DB00057C65 /* MetroLineCollectionViewCell.swift in Sources */ = {isa = PBXBuildFile; fileRef = 228A7C3123ADE6DB00057C65 /* MetroLineCollectionViewCell.swift */; };
		229AD62B238D3C7700EC7E35 /* AppDelegate.swift in Sources */ = {isa = PBXBuildFile; fileRef = 229AD62A238D3C7700EC7E35 /* AppDelegate.swift */; };
		229AD62D238D3C7700EC7E35 /* SceneDelegate.swift in Sources */ = {isa = PBXBuildFile; fileRef = 229AD62C238D3C7700EC7E35 /* SceneDelegate.swift */; };
		229AD62F238D3C7700EC7E35 /* MapViewController.swift in Sources */ = {isa = PBXBuildFile; fileRef = 229AD62E238D3C7700EC7E35 /* MapViewController.swift */; };
		229AD632238D3C7800EC7E35 /* Main.storyboard in Resources */ = {isa = PBXBuildFile; fileRef = 229AD630238D3C7800EC7E35 /* Main.storyboard */; };
		229AD634238D3C7E00EC7E35 /* Assets.xcassets in Resources */ = {isa = PBXBuildFile; fileRef = 229AD633238D3C7E00EC7E35 /* Assets.xcassets */; };
		229AD637238D3C7E00EC7E35 /* LaunchScreen.storyboard in Resources */ = {isa = PBXBuildFile; fileRef = 229AD635238D3C7E00EC7E35 /* LaunchScreen.storyboard */; };
		229AD63F238D3CC400EC7E35 /* MetroMapView.swift in Sources */ = {isa = PBXBuildFile; fileRef = 229AD63E238D3CC400EC7E35 /* MetroMapView.swift */; };
		229AD641238D402400EC7E35 /* MetroNode.swift in Sources */ = {isa = PBXBuildFile; fileRef = 229AD640238D402400EC7E35 /* MetroNode.swift */; };
		229AD643238D404300EC7E35 /* MetroLine.swift in Sources */ = {isa = PBXBuildFile; fileRef = 229AD642238D404300EC7E35 /* MetroLine.swift */; };
		229AD645238D410C00EC7E35 /* MetroMap.swift in Sources */ = {isa = PBXBuildFile; fileRef = 229AD644238D410C00EC7E35 /* MetroMap.swift */; };
/* End PBXBuildFile section */

/* Begin PBXFileReference section */
		009A440DF08D865ABA0C5C10 /* Pods_GlobalMetro.framework */ = {isa = PBXFileReference; explicitFileType = wrapper.framework; includeInIndex = 0; path = Pods_GlobalMetro.framework; sourceTree = BUILT_PRODUCTS_DIR; };
		2206CEDC2390ACBC0000525D /* CreateLineViewController.swift */ = {isa = PBXFileReference; lastKnownFileType = sourcecode.swift; path = CreateLineViewController.swift; sourceTree = "<group>"; };
		22376308238EAA48003F7AF4 /* CreateNodeViewController.swift */ = {isa = PBXFileReference; lastKnownFileType = sourcecode.swift; path = CreateNodeViewController.swift; sourceTree = "<group>"; };
		228A7C2523A7603000057C65 /* MetroMapDocument.swift */ = {isa = PBXFileReference; lastKnownFileType = sourcecode.swift; path = MetroMapDocument.swift; sourceTree = "<group>"; };
		228A7C2723A8EC7500057C65 /* SearchViewController.swift */ = {isa = PBXFileReference; lastKnownFileType = sourcecode.swift; path = SearchViewController.swift; sourceTree = "<group>"; };
		228A7C2923A911D200057C65 /* MetroMapCell.swift */ = {isa = PBXFileReference; lastKnownFileType = sourcecode.swift; path = MetroMapCell.swift; sourceTree = "<group>"; };
		228A7C2B23AA11FD00057C65 /* SaveMapViewController.swift */ = {isa = PBXFileReference; lastKnownFileType = sourcecode.swift; path = SaveMapViewController.swift; sourceTree = "<group>"; };
		228A7C2D23AB6E3000057C65 /* LocalFileViewController.swift */ = {isa = PBXFileReference; lastKnownFileType = sourcecode.swift; path = LocalFileViewController.swift; sourceTree = "<group>"; };
		228A7C2F23ABAE9100057C65 /* ShowNodeDetailViewController.swift */ = {isa = PBXFileReference; lastKnownFileType = sourcecode.swift; path = ShowNodeDetailViewController.swift; sourceTree = "<group>"; };
		228A7C3123ADE6DB00057C65 /* MetroLineCollectionViewCell.swift */ = {isa = PBXFileReference; lastKnownFileType = sourcecode.swift; path = MetroLineCollectionViewCell.swift; sourceTree = "<group>"; };
		229AD627238D3C7700EC7E35 /* GlobalMetro.app */ = {isa = PBXFileReference; explicitFileType = wrapper.application; includeInIndex = 0; path = GlobalMetro.app; sourceTree = BUILT_PRODUCTS_DIR; };
		229AD62A238D3C7700EC7E35 /* AppDelegate.swift */ = {isa = PBXFileReference; lastKnownFileType = sourcecode.swift; path = AppDelegate.swift; sourceTree = "<group>"; };
		229AD62C238D3C7700EC7E35 /* SceneDelegate.swift */ = {isa = PBXFileReference; lastKnownFileType = sourcecode.swift; path = SceneDelegate.swift; sourceTree = "<group>"; };
		229AD62E238D3C7700EC7E35 /* MapViewController.swift */ = {isa = PBXFileReference; lastKnownFileType = sourcecode.swift; path = MapViewController.swift; sourceTree = "<group>"; };
		229AD631238D3C7800EC7E35 /* Base */ = {isa = PBXFileReference; lastKnownFileType = file.storyboard; name = Base; path = Base.lproj/Main.storyboard; sourceTree = "<group>"; };
		229AD633238D3C7E00EC7E35 /* Assets.xcassets */ = {isa = PBXFileReference; lastKnownFileType = folder.assetcatalog; path = Assets.xcassets; sourceTree = "<group>"; };
		229AD636238D3C7E00EC7E35 /* Base */ = {isa = PBXFileReference; lastKnownFileType = file.storyboard; name = Base; path = Base.lproj/LaunchScreen.storyboard; sourceTree = "<group>"; };
		229AD638238D3C7E00EC7E35 /* Info.plist */ = {isa = PBXFileReference; lastKnownFileType = text.plist.xml; path = Info.plist; sourceTree = "<group>"; };
		229AD63E238D3CC400EC7E35 /* MetroMapView.swift */ = {isa = PBXFileReference; lastKnownFileType = sourcecode.swift; path = MetroMapView.swift; sourceTree = "<group>"; };
		229AD640238D402400EC7E35 /* MetroNode.swift */ = {isa = PBXFileReference; lastKnownFileType = sourcecode.swift; path = MetroNode.swift; sourceTree = "<group>"; };
		229AD642238D404300EC7E35 /* MetroLine.swift */ = {isa = PBXFileReference; lastKnownFileType = sourcecode.swift; path = MetroLine.swift; sourceTree = "<group>"; };
		229AD644238D410C00EC7E35 /* MetroMap.swift */ = {isa = PBXFileReference; lastKnownFileType = sourcecode.swift; path = MetroMap.swift; sourceTree = "<group>"; };
		9E46A06BB9A9BD166C0D7260 /* Pods-GlobalMetro.release.xcconfig */ = {isa = PBXFileReference; includeInIndex = 1; lastKnownFileType = text.xcconfig; name = "Pods-GlobalMetro.release.xcconfig"; path = "Target Support Files/Pods-GlobalMetro/Pods-GlobalMetro.release.xcconfig"; sourceTree = "<group>"; };
		AE94C26E4EB45420233B4359 /* Pods-GlobalMetro.debug.xcconfig */ = {isa = PBXFileReference; includeInIndex = 1; lastKnownFileType = text.xcconfig; name = "Pods-GlobalMetro.debug.xcconfig"; path = "Target Support Files/Pods-GlobalMetro/Pods-GlobalMetro.debug.xcconfig"; sourceTree = "<group>"; };
/* End PBXFileReference section */

/* Begin PBXFrameworksBuildPhase section */
		229AD624238D3C7700EC7E35 /* Frameworks */ = {
			isa = PBXFrameworksBuildPhase;
			buildActionMask = 2147483647;
			files = (
				09D332D50C7AED445971B51F /* Pods_GlobalMetro.framework in Frameworks */,
			);
			runOnlyForDeploymentPostprocessing = 0;
		};
/* End PBXFrameworksBuildPhase section */

/* Begin PBXGroup section */
		0388151047CB25F44EB0DA33 /* Frameworks */ = {
			isa = PBXGroup;
			children = (
				009A440DF08D865ABA0C5C10 /* Pods_GlobalMetro.framework */,
			);
			name = Frameworks;
			sourceTree = "<group>";
		};
		211C5255BB32488764C1CBB8 /* Pods */ = {
			isa = PBXGroup;
			children = (
				AE94C26E4EB45420233B4359 /* Pods-GlobalMetro.debug.xcconfig */,
				9E46A06BB9A9BD166C0D7260 /* Pods-GlobalMetro.release.xcconfig */,
			);
			path = Pods;
			sourceTree = "<group>";
		};
		229AD61E238D3C7700EC7E35 = {
			isa = PBXGroup;
			children = (
				229AD629238D3C7700EC7E35 /* GlobalMetro */,
				229AD628238D3C7700EC7E35 /* Products */,
				211C5255BB32488764C1CBB8 /* Pods */,
				0388151047CB25F44EB0DA33 /* Frameworks */,
			);
			sourceTree = "<group>";
		};
		229AD628238D3C7700EC7E35 /* Products */ = {
			isa = PBXGroup;
			children = (
				229AD627238D3C7700EC7E35 /* GlobalMetro.app */,
			);
			name = Products;
			sourceTree = "<group>";
		};
		229AD629238D3C7700EC7E35 /* GlobalMetro */ = {
			isa = PBXGroup;
			children = (
				229AD63E238D3CC400EC7E35 /* MetroMapView.swift */,
				229AD62A238D3C7700EC7E35 /* AppDelegate.swift */,
				229AD62C238D3C7700EC7E35 /* SceneDelegate.swift */,
				229AD62E238D3C7700EC7E35 /* MapViewController.swift */,
				229AD630238D3C7800EC7E35 /* Main.storyboard */,
				229AD633238D3C7E00EC7E35 /* Assets.xcassets */,
				229AD635238D3C7E00EC7E35 /* LaunchScreen.storyboard */,
				229AD638238D3C7E00EC7E35 /* Info.plist */,
				229AD640238D402400EC7E35 /* MetroNode.swift */,
				229AD642238D404300EC7E35 /* MetroLine.swift */,
				229AD644238D410C00EC7E35 /* MetroMap.swift */,
				22376308238EAA48003F7AF4 /* CreateNodeViewController.swift */,
				2206CEDC2390ACBC0000525D /* CreateLineViewController.swift */,
				228A7C2523A7603000057C65 /* MetroMapDocument.swift */,
				228A7C2723A8EC7500057C65 /* SearchViewController.swift */,
				228A7C2923A911D200057C65 /* MetroMapCell.swift */,
				228A7C2B23AA11FD00057C65 /* SaveMapViewController.swift */,
				228A7C2D23AB6E3000057C65 /* LocalFileViewController.swift */,
				228A7C2F23ABAE9100057C65 /* ShowNodeDetailViewController.swift */,
				228A7C3123ADE6DB00057C65 /* MetroLineCollectionViewCell.swift */,
			);
			path = GlobalMetro;
			sourceTree = "<group>";
		};
/* End PBXGroup section */

/* Begin PBXNativeTarget section */
		229AD626238D3C7700EC7E35 /* GlobalMetro */ = {
			isa = PBXNativeTarget;
			buildConfigurationList = 229AD63B238D3C7E00EC7E35 /* Build configuration list for PBXNativeTarget "GlobalMetro" */;
			buildPhases = (
				9FCBA98B1C2323A34CA87AC6 /* [CP] Check Pods Manifest.lock */,
				229AD623238D3C7700EC7E35 /* Sources */,
				229AD624238D3C7700EC7E35 /* Frameworks */,
				229AD625238D3C7700EC7E35 /* Resources */,
				5517983271B2BFAABD6EF614 /* [CP] Embed Pods Frameworks */,
			);
			buildRules = (
			);
			dependencies = (
			);
			name = GlobalMetro;
			productName = GlobalMetro;
			productReference = 229AD627238D3C7700EC7E35 /* GlobalMetro.app */;
			productType = "com.apple.product-type.application";
		};
/* End PBXNativeTarget section */

/* Begin PBXProject section */
		229AD61F238D3C7700EC7E35 /* Project object */ = {
			isa = PBXProject;
			attributes = {
				LastSwiftUpdateCheck = 1100;
				LastUpgradeCheck = 1100;
				ORGANIZATIONNAME = sam;
				TargetAttributes = {
					229AD626238D3C7700EC7E35 = {
						CreatedOnToolsVersion = 11.0;
					};
				};
			};
			buildConfigurationList = 229AD622238D3C7700EC7E35 /* Build configuration list for PBXProject "GlobalMetro" */;
			compatibilityVersion = "Xcode 9.3";
			developmentRegion = en;
			hasScannedForEncodings = 0;
			knownRegions = (
				en,
				Base,
			);
			mainGroup = 229AD61E238D3C7700EC7E35;
			productRefGroup = 229AD628238D3C7700EC7E35 /* Products */;
			projectDirPath = "";
			projectRoot = "";
			targets = (
				229AD626238D3C7700EC7E35 /* GlobalMetro */,
			);
		};
/* End PBXProject section */

/* Begin PBXResourcesBuildPhase section */
		229AD625238D3C7700EC7E35 /* Resources */ = {
			isa = PBXResourcesBuildPhase;
			buildActionMask = 2147483647;
			files = (
				229AD637238D3C7E00EC7E35 /* LaunchScreen.storyboard in Resources */,
				229AD634238D3C7E00EC7E35 /* Assets.xcassets in Resources */,
				229AD632238D3C7800EC7E35 /* Main.storyboard in Resources */,
			);
			runOnlyForDeploymentPostprocessing = 0;
		};
/* End PBXResourcesBuildPhase section */

/* Begin PBXShellScriptBuildPhase section */
		5517983271B2BFAABD6EF614 /* [CP] Embed Pods Frameworks */ = {
			isa = PBXShellScriptBuildPhase;
			buildActionMask = 2147483647;
			files = (
			);
			inputFileListPaths = (
				"${PODS_ROOT}/Target Support Files/Pods-GlobalMetro/Pods-GlobalMetro-frameworks-${CONFIGURATION}-input-files.xcfilelist",
			);
			name = "[CP] Embed Pods Frameworks";
			outputFileListPaths = (
				"${PODS_ROOT}/Target Support Files/Pods-GlobalMetro/Pods-GlobalMetro-frameworks-${CONFIGURATION}-output-files.xcfilelist",
			);
			runOnlyForDeploymentPostprocessing = 0;
			shellPath = /bin/sh;
			shellScript = "\"${PODS_ROOT}/Target Support Files/Pods-GlobalMetro/Pods-GlobalMetro-frameworks.sh\"\n";
			showEnvVarsInLog = 0;
		};
		9FCBA98B1C2323A34CA87AC6 /* [CP] Check Pods Manifest.lock */ = {
			isa = PBXShellScriptBuildPhase;
			buildActionMask = 2147483647;
			files = (
			);
			inputFileListPaths = (
			);
			inputPaths = (
				"${PODS_PODFILE_DIR_PATH}/Podfile.lock",
				"${PODS_ROOT}/Manifest.lock",
			);
			name = "[CP] Check Pods Manifest.lock";
			outputFileListPaths = (
			);
			outputPaths = (
				"$(DERIVED_FILE_DIR)/Pods-GlobalMetro-checkManifestLockResult.txt",
			);
			runOnlyForDeploymentPostprocessing = 0;
			shellPath = /bin/sh;
			shellScript = "diff \"${PODS_PODFILE_DIR_PATH}/Podfile.lock\" \"${PODS_ROOT}/Manifest.lock\" > /dev/null\nif [ $? != 0 ] ; then\n    # print error to STDERR\n    echo \"error: The sandbox is not in sync with the Podfile.lock. Run 'pod install' or update your CocoaPods installation.\" >&2\n    exit 1\nfi\n# This output is used by Xcode 'outputs' to avoid re-running this script phase.\necho \"SUCCESS\" > \"${SCRIPT_OUTPUT_FILE_0}\"\n";
			showEnvVarsInLog = 0;
		};
/* End PBXShellScriptBuildPhase section */

/* Begin PBXSourcesBuildPhase section */
		229AD623238D3C7700EC7E35 /* Sources */ = {
			isa = PBXSourcesBuildPhase;
			buildActionMask = 2147483647;
			files = (
				228A7C2C23AA11FD00057C65 /* SaveMapViewController.swift in Sources */,
				229AD62F238D3C7700EC7E35 /* MapViewController.swift in Sources */,
				228A7C3023ABAE9100057C65 /* ShowNodeDetailViewController.swift in Sources */,
				228A7C2823A8EC7500057C65 /* SearchViewController.swift in Sources */,
				229AD641238D402400EC7E35 /* MetroNode.swift in Sources */,
				22376309238EAA49003F7AF4 /* CreateNodeViewController.swift in Sources */,
				228A7C3223ADE6DB00057C65 /* MetroLineCollectionViewCell.swift in Sources */,
				2206CEDD2390ACBC0000525D /* CreateLineViewController.swift in Sources */,
				228A7C2E23AB6E3000057C65 /* LocalFileViewController.swift in Sources */,
				229AD63F238D3CC400EC7E35 /* MetroMapView.swift in Sources */,
				228A7C2A23A911D200057C65 /* MetroMapCell.swift in Sources */,
				229AD643238D404300EC7E35 /* MetroLine.swift in Sources */,
				229AD62B238D3C7700EC7E35 /* AppDelegate.swift in Sources */,
				228A7C2623A7603000057C65 /* MetroMapDocument.swift in Sources */,
				229AD645238D410C00EC7E35 /* MetroMap.swift in Sources */,
				229AD62D238D3C7700EC7E35 /* SceneDelegate.swift in Sources */,
			);
			runOnlyForDeploymentPostprocessing = 0;
		};
/* End PBXSourcesBuildPhase section */

/* Begin PBXVariantGroup section */
		229AD630238D3C7800EC7E35 /* Main.storyboard */ = {
			isa = PBXVariantGroup;
			children = (
				229AD631238D3C7800EC7E35 /* Base */,
			);
			name = Main.storyboard;
			sourceTree = "<group>";
		};
		229AD635238D3C7E00EC7E35 /* LaunchScreen.storyboard */ = {
			isa = PBXVariantGroup;
			children = (
				229AD636238D3C7E00EC7E35 /* Base */,
			);
			name = LaunchScreen.storyboard;
			sourceTree = "<group>";
		};
/* End PBXVariantGroup section */

/* Begin XCBuildConfiguration section */
		229AD639238D3C7E00EC7E35 /* Debug */ = {
			isa = XCBuildConfiguration;
			buildSettings = {
				ALWAYS_SEARCH_USER_PATHS = NO;
				CLANG_ANALYZER_NONNULL = YES;
				CLANG_ANALYZER_NUMBER_OBJECT_CONVERSION = YES_AGGRESSIVE;
				CLANG_CXX_LANGUAGE_STANDARD = "gnu++14";
				CLANG_CXX_LIBRARY = "libc++";
				CLANG_ENABLE_MODULES = YES;
				CLANG_ENABLE_OBJC_ARC = YES;
				CLANG_ENABLE_OBJC_WEAK = YES;
				CLANG_WARN_BLOCK_CAPTURE_AUTORELEASING = YES;
				CLANG_WARN_BOOL_CONVERSION = YES;
				CLANG_WARN_COMMA = YES;
				CLANG_WARN_CONSTANT_CONVERSION = YES;
				CLANG_WARN_DEPRECATED_OBJC_IMPLEMENTATIONS = YES;
				CLANG_WARN_DIRECT_OBJC_ISA_USAGE = YES_ERROR;
				CLANG_WARN_DOCUMENTATION_COMMENTS = YES;
				CLANG_WARN_EMPTY_BODY = YES;
				CLANG_WARN_ENUM_CONVERSION = YES;
				CLANG_WARN_INFINITE_RECURSION = YES;
				CLANG_WARN_INT_CONVERSION = YES;
				CLANG_WARN_NON_LITERAL_NULL_CONVERSION = YES;
				CLANG_WARN_OBJC_IMPLICIT_RETAIN_SELF = YES;
				CLANG_WARN_OBJC_LITERAL_CONVERSION = YES;
				CLANG_WARN_OBJC_ROOT_CLASS = YES_ERROR;
				CLANG_WARN_RANGE_LOOP_ANALYSIS = YES;
				CLANG_WARN_STRICT_PROTOTYPES = YES;
				CLANG_WARN_SUSPICIOUS_MOVE = YES;
				CLANG_WARN_UNGUARDED_AVAILABILITY = YES_AGGRESSIVE;
				CLANG_WARN_UNREACHABLE_CODE = YES;
				CLANG_WARN__DUPLICATE_METHOD_MATCH = YES;
				COPY_PHASE_STRIP = NO;
				DEBUG_INFORMATION_FORMAT = dwarf;
				ENABLE_STRICT_OBJC_MSGSEND = YES;
				ENABLE_TESTABILITY = YES;
				GCC_C_LANGUAGE_STANDARD = gnu11;
				GCC_DYNAMIC_NO_PIC = NO;
				GCC_NO_COMMON_BLOCKS = YES;
				GCC_OPTIMIZATION_LEVEL = 0;
				GCC_PREPROCESSOR_DEFINITIONS = (
					"DEBUG=1",
					"$(inherited)",
				);
				GCC_WARN_64_TO_32_BIT_CONVERSION = YES;
				GCC_WARN_ABOUT_RETURN_TYPE = YES_ERROR;
				GCC_WARN_UNDECLARED_SELECTOR = YES;
				GCC_WARN_UNINITIALIZED_AUTOS = YES_AGGRESSIVE;
				GCC_WARN_UNUSED_FUNCTION = YES;
				GCC_WARN_UNUSED_VARIABLE = YES;
				IPHONEOS_DEPLOYMENT_TARGET = 13.0;
				MTL_ENABLE_DEBUG_INFO = INCLUDE_SOURCE;
				MTL_FAST_MATH = YES;
				ONLY_ACTIVE_ARCH = YES;
				SDKROOT = iphoneos;
				SWIFT_ACTIVE_COMPILATION_CONDITIONS = DEBUG;
				SWIFT_OPTIMIZATION_LEVEL = "-Onone";
			};
			name = Debug;
		};
		229AD63A238D3C7E00EC7E35 /* Release */ = {
			isa = XCBuildConfiguration;
			buildSettings = {
				ALWAYS_SEARCH_USER_PATHS = NO;
				CLANG_ANALYZER_NONNULL = YES;
				CLANG_ANALYZER_NUMBER_OBJECT_CONVERSION = YES_AGGRESSIVE;
				CLANG_CXX_LANGUAGE_STANDARD = "gnu++14";
				CLANG_CXX_LIBRARY = "libc++";
				CLANG_ENABLE_MODULES = YES;
				CLANG_ENABLE_OBJC_ARC = YES;
				CLANG_ENABLE_OBJC_WEAK = YES;
				CLANG_WARN_BLOCK_CAPTURE_AUTORELEASING = YES;
				CLANG_WARN_BOOL_CONVERSION = YES;
				CLANG_WARN_COMMA = YES;
				CLANG_WARN_CONSTANT_CONVERSION = YES;
				CLANG_WARN_DEPRECATED_OBJC_IMPLEMENTATIONS = YES;
				CLANG_WARN_DIRECT_OBJC_ISA_USAGE = YES_ERROR;
				CLANG_WARN_DOCUMENTATION_COMMENTS = YES;
				CLANG_WARN_EMPTY_BODY = YES;
				CLANG_WARN_ENUM_CONVERSION = YES;
				CLANG_WARN_INFINITE_RECURSION = YES;
				CLANG_WARN_INT_CONVERSION = YES;
				CLANG_WARN_NON_LITERAL_NULL_CONVERSION = YES;
				CLANG_WARN_OBJC_IMPLICIT_RETAIN_SELF = YES;
				CLANG_WARN_OBJC_LITERAL_CONVERSION = YES;
				CLANG_WARN_OBJC_ROOT_CLASS = YES_ERROR;
				CLANG_WARN_RANGE_LOOP_ANALYSIS = YES;
				CLANG_WARN_STRICT_PROTOTYPES = YES;
				CLANG_WARN_SUSPICIOUS_MOVE = YES;
				CLANG_WARN_UNGUARDED_AVAILABILITY = YES_AGGRESSIVE;
				CLANG_WARN_UNREACHABLE_CODE = YES;
				CLANG_WARN__DUPLICATE_METHOD_MATCH = YES;
				COPY_PHASE_STRIP = NO;
				DEBUG_INFORMATION_FORMAT = "dwarf-with-dsym";
				ENABLE_NS_ASSERTIONS = NO;
				ENABLE_STRICT_OBJC_MSGSEND = YES;
				GCC_C_LANGUAGE_STANDARD = gnu11;
				GCC_NO_COMMON_BLOCKS = YES;
				GCC_WARN_64_TO_32_BIT_CONVERSION = YES;
				GCC_WARN_ABOUT_RETURN_TYPE = YES_ERROR;
				GCC_WARN_UNDECLARED_SELECTOR = YES;
				GCC_WARN_UNINITIALIZED_AUTOS = YES_AGGRESSIVE;
				GCC_WARN_UNUSED_FUNCTION = YES;
				GCC_WARN_UNUSED_VARIABLE = YES;
				IPHONEOS_DEPLOYMENT_TARGET = 13.0;
				MTL_ENABLE_DEBUG_INFO = NO;
				MTL_FAST_MATH = YES;
				SDKROOT = iphoneos;
				SWIFT_COMPILATION_MODE = wholemodule;
				SWIFT_OPTIMIZATION_LEVEL = "-O";
				VALIDATE_PRODUCT = YES;
			};
			name = Release;
		};
		229AD63C238D3C7E00EC7E35 /* Debug */ = {
			isa = XCBuildConfiguration;
			baseConfigurationReference = AE94C26E4EB45420233B4359 /* Pods-GlobalMetro.debug.xcconfig */;
			buildSettings = {
				ASSETCATALOG_COMPILER_APPICON_NAME = AppIcon;
				CODE_SIGN_STYLE = Automatic;
				INFOPLIST_FILE = GlobalMetro/Info.plist;
				LD_RUNPATH_SEARCH_PATHS = (
					"$(inherited)",
					"@executable_path/Frameworks",
				);
				PRODUCT_BUNDLE_IDENTIFIER = nju.sam.GlobalMetro;
				PRODUCT_NAME = "$(TARGET_NAME)";
				SWIFT_VERSION = 5.0;
				TARGETED_DEVICE_FAMILY = "1,2";
			};
			name = Debug;
		};
		229AD63D238D3C7E00EC7E35 /* Release */ = {
			isa = XCBuildConfiguration;
			baseConfigurationReference = 9E46A06BB9A9BD166C0D7260 /* Pods-GlobalMetro.release.xcconfig */;
			buildSettings = {
				ASSETCATALOG_COMPILER_APPICON_NAME = AppIcon;
				CODE_SIGN_STYLE = Automatic;
				INFOPLIST_FILE = GlobalMetro/Info.plist;
				LD_RUNPATH_SEARCH_PATHS = (
					"$(inherited)",
					"@executable_path/Frameworks",
				);
				PRODUCT_BUNDLE_IDENTIFIER = nju.sam.GlobalMetro;
				PRODUCT_NAME = "$(TARGET_NAME)";
				SWIFT_VERSION = 5.0;
				TARGETED_DEVICE_FAMILY = "1,2";
			};
			name = Release;
		};
/* End XCBuildConfiguration section */

/* Begin XCConfigurationList section */
		229AD622238D3C7700EC7E35 /* Build configuration list for PBXProject "GlobalMetro" */ = {
			isa = XCConfigurationList;
			buildConfigurations = (
				229AD639238D3C7E00EC7E35 /* Debug */,
				229AD63A238D3C7E00EC7E35 /* Release */,
			);
			defaultConfigurationIsVisible = 0;
			defaultConfigurationName = Release;
		};
		229AD63B238D3C7E00EC7E35 /* Build configuration list for PBXNativeTarget "GlobalMetro" */ = {
			isa = XCConfigurationList;
			buildConfigurations = (
				229AD63C238D3C7E00EC7E35 /* Debug */,
				229AD63D238D3C7E00EC7E35 /* Release */,
			);
			defaultConfigurationIsVisible = 0;
			defaultConfigurationName = Release;
		};
/* End XCConfigurationList section */
	};
	rootObject = 229AD61F238D3C7700EC7E35 /* Project object */;
}
